// !$*UTF8*$!
{
	archiveVersion = 1;
	classes = {
	};
	objectVersion = 50;
	objects = {

/* Begin PBXBuildFile section */
		795DD201231A03C100A2BEA3 /* AppDelegate.swift in Sources */ = {isa = PBXBuildFile; fileRef = 795DD200231A03C100A2BEA3 /* AppDelegate.swift */; };
		795DD203231A03C100A2BEA3 /* HomeController.swift in Sources */ = {isa = PBXBuildFile; fileRef = 795DD202231A03C100A2BEA3 /* HomeController.swift */; };
		795DD208231A03C300A2BEA3 /* Assets.xcassets in Resources */ = {isa = PBXBuildFile; fileRef = 795DD207231A03C300A2BEA3 /* Assets.xcassets */; };
		795DD20B231A03C300A2BEA3 /* LaunchScreen.storyboard in Resources */ = {isa = PBXBuildFile; fileRef = 795DD209231A03C300A2BEA3 /* LaunchScreen.storyboard */; };
		795DD216231A03C300A2BEA3 /* DigitalSpaceTests.swift in Sources */ = {isa = PBXBuildFile; fileRef = 795DD215231A03C300A2BEA3 /* DigitalSpaceTests.swift */; };
		795DD226231A050400A2BEA3 /* Constructor.swift in Sources */ = {isa = PBXBuildFile; fileRef = 795DD225231A050400A2BEA3 /* Constructor.swift */; };
		795DD22C231A084D00A2BEA3 /* ConfigurableView.swift in Sources */ = {isa = PBXBuildFile; fileRef = 795DD22B231A084D00A2BEA3 /* ConfigurableView.swift */; };
		795DD232231A08BD00A2BEA3 /* CBuilder.swift in Sources */ = {isa = PBXBuildFile; fileRef = 795DD231231A08BD00A2BEA3 /* CBuilder.swift */; };
		795DD234231A08C900A2BEA3 /* LayoutAnchor.swift in Sources */ = {isa = PBXBuildFile; fileRef = 795DD233231A08C900A2BEA3 /* LayoutAnchor.swift */; };
		795DD236231A099600A2BEA3 /* Service.swift in Sources */ = {isa = PBXBuildFile; fileRef = 795DD235231A099600A2BEA3 /* Service.swift */; };
		795DD238231A0C1200A2BEA3 /* Category.swift in Sources */ = {isa = PBXBuildFile; fileRef = 795DD237231A0C1200A2BEA3 /* Category.swift */; };
		795DD23A231A0DDA00A2BEA3 /* Item.swift in Sources */ = {isa = PBXBuildFile; fileRef = 795DD239231A0DDA00A2BEA3 /* Item.swift */; };
		795DD23D231A100D00A2BEA3 /* CategoryViewModel.swift in Sources */ = {isa = PBXBuildFile; fileRef = 795DD23C231A100D00A2BEA3 /* CategoryViewModel.swift */; };
		795DD23F231A113200A2BEA3 /* Repository.swift in Sources */ = {isa = PBXBuildFile; fileRef = 795DD23E231A113200A2BEA3 /* Repository.swift */; };
		795DD241231A160100A2BEA3 /* Home+TableViewController.swift in Sources */ = {isa = PBXBuildFile; fileRef = 795DD240231A160100A2BEA3 /* Home+TableViewController.swift */; };
		795DD243231AAAB600A2BEA3 /* CategoryViewCell.swift in Sources */ = {isa = PBXBuildFile; fileRef = 795DD242231AAAB600A2BEA3 /* CategoryViewCell.swift */; };
		795DD245231AAB6900A2BEA3 /* CategoryHeaderView.swift in Sources */ = {isa = PBXBuildFile; fileRef = 795DD244231AAB6900A2BEA3 /* CategoryHeaderView.swift */; };
/* End PBXBuildFile section */

/* Begin PBXContainerItemProxy section */
		795DD212231A03C300A2BEA3 /* PBXContainerItemProxy */ = {
			isa = PBXContainerItemProxy;
			containerPortal = 795DD1F5231A03C100A2BEA3 /* Project object */;
			proxyType = 1;
			remoteGlobalIDString = 795DD1FC231A03C100A2BEA3;
			remoteInfo = DigitalSpace;
		};
/* End PBXContainerItemProxy section */

/* Begin PBXFileReference section */
		795DD1FD231A03C100A2BEA3 /* DigitalSpace.app */ = {isa = PBXFileReference; explicitFileType = wrapper.application; includeInIndex = 0; path = DigitalSpace.app; sourceTree = BUILT_PRODUCTS_DIR; };
		795DD200231A03C100A2BEA3 /* AppDelegate.swift */ = {isa = PBXFileReference; lastKnownFileType = sourcecode.swift; path = AppDelegate.swift; sourceTree = "<group>"; };
		795DD202231A03C100A2BEA3 /* HomeController.swift */ = {isa = PBXFileReference; lastKnownFileType = sourcecode.swift; path = HomeController.swift; sourceTree = "<group>"; };
		795DD207231A03C300A2BEA3 /* Assets.xcassets */ = {isa = PBXFileReference; lastKnownFileType = folder.assetcatalog; path = Assets.xcassets; sourceTree = "<group>"; };
		795DD20A231A03C300A2BEA3 /* Base */ = {isa = PBXFileReference; lastKnownFileType = file.storyboard; name = Base; path = Base.lproj/LaunchScreen.storyboard; sourceTree = "<group>"; };
		795DD20C231A03C300A2BEA3 /* Info.plist */ = {isa = PBXFileReference; lastKnownFileType = text.plist.xml; path = Info.plist; sourceTree = "<group>"; };
		795DD211231A03C300A2BEA3 /* DigitalSpaceTests.xctest */ = {isa = PBXFileReference; explicitFileType = wrapper.cfbundle; includeInIndex = 0; path = DigitalSpaceTests.xctest; sourceTree = BUILT_PRODUCTS_DIR; };
		795DD215231A03C300A2BEA3 /* DigitalSpaceTests.swift */ = {isa = PBXFileReference; lastKnownFileType = sourcecode.swift; path = DigitalSpaceTests.swift; sourceTree = "<group>"; };
		795DD217231A03C300A2BEA3 /* Info.plist */ = {isa = PBXFileReference; lastKnownFileType = text.plist.xml; path = Info.plist; sourceTree = "<group>"; };
		795DD225231A050400A2BEA3 /* Constructor.swift */ = {isa = PBXFileReference; lastKnownFileType = sourcecode.swift; path = Constructor.swift; sourceTree = "<group>"; };
		795DD22B231A084D00A2BEA3 /* ConfigurableView.swift */ = {isa = PBXFileReference; lastKnownFileType = sourcecode.swift; path = ConfigurableView.swift; sourceTree = "<group>"; };
		795DD231231A08BD00A2BEA3 /* CBuilder.swift */ = {isa = PBXFileReference; lastKnownFileType = sourcecode.swift; path = CBuilder.swift; sourceTree = "<group>"; };
		795DD233231A08C900A2BEA3 /* LayoutAnchor.swift */ = {isa = PBXFileReference; lastKnownFileType = sourcecode.swift; path = LayoutAnchor.swift; sourceTree = "<group>"; };
		795DD235231A099600A2BEA3 /* Service.swift */ = {isa = PBXFileReference; lastKnownFileType = sourcecode.swift; path = Service.swift; sourceTree = "<group>"; };
		795DD237231A0C1200A2BEA3 /* Category.swift */ = {isa = PBXFileReference; lastKnownFileType = sourcecode.swift; path = Category.swift; sourceTree = "<group>"; };
		795DD239231A0DDA00A2BEA3 /* Item.swift */ = {isa = PBXFileReference; lastKnownFileType = sourcecode.swift; path = Item.swift; sourceTree = "<group>"; };
		795DD23C231A100D00A2BEA3 /* CategoryViewModel.swift */ = {isa = PBXFileReference; lastKnownFileType = sourcecode.swift; path = CategoryViewModel.swift; sourceTree = "<group>"; };
		795DD23E231A113200A2BEA3 /* Repository.swift */ = {isa = PBXFileReference; lastKnownFileType = sourcecode.swift; path = Repository.swift; sourceTree = "<group>"; };
		795DD240231A160100A2BEA3 /* Home+TableViewController.swift */ = {isa = PBXFileReference; lastKnownFileType = sourcecode.swift; path = "Home+TableViewController.swift"; sourceTree = "<group>"; };
		795DD242231AAAB600A2BEA3 /* CategoryViewCell.swift */ = {isa = PBXFileReference; lastKnownFileType = sourcecode.swift; path = CategoryViewCell.swift; sourceTree = "<group>"; };
		795DD244231AAB6900A2BEA3 /* CategoryHeaderView.swift */ = {isa = PBXFileReference; lastKnownFileType = sourcecode.swift; path = CategoryHeaderView.swift; sourceTree = "<group>"; };
/* End PBXFileReference section */

/* Begin PBXFrameworksBuildPhase section */
		795DD1FA231A03C100A2BEA3 /* Frameworks */ = {
			isa = PBXFrameworksBuildPhase;
			buildActionMask = 2147483647;
			files = (
			);
			runOnlyForDeploymentPostprocessing = 0;
		};
		795DD20E231A03C300A2BEA3 /* Frameworks */ = {
			isa = PBXFrameworksBuildPhase;
			buildActionMask = 2147483647;
			files = (
			);
			runOnlyForDeploymentPostprocessing = 0;
		};
/* End PBXFrameworksBuildPhase section */

/* Begin PBXGroup section */
		795DD1F4231A03C100A2BEA3 = {
			isa = PBXGroup;
			children = (
				795DD1FF231A03C100A2BEA3 /* DigitalSpace */,
				795DD214231A03C300A2BEA3 /* DigitalSpaceTests */,
				795DD1FE231A03C100A2BEA3 /* Products */,
			);
			sourceTree = "<group>";
		};
		795DD1FE231A03C100A2BEA3 /* Products */ = {
			isa = PBXGroup;
			children = (
				795DD1FD231A03C100A2BEA3 /* DigitalSpace.app */,
				795DD211231A03C300A2BEA3 /* DigitalSpaceTests.xctest */,
			);
			name = Products;
			sourceTree = "<group>";
		};
		795DD1FF231A03C100A2BEA3 /* DigitalSpace */ = {
			isa = PBXGroup;
			children = (
				795DD224231A04CF00A2BEA3 /* App */,
				795DD220231A03E500A2BEA3 /* Plugins */,
				795DD221231A048C00A2BEA3 /* Entities */,
				795DD22A231A081800A2BEA3 /* ReusableLayer */,
				795DD207231A03C300A2BEA3 /* Assets.xcassets */,
				795DD209231A03C300A2BEA3 /* LaunchScreen.storyboard */,
				795DD20C231A03C300A2BEA3 /* Info.plist */,
			);
			path = DigitalSpace;
			sourceTree = "<group>";
		};
		795DD214231A03C300A2BEA3 /* DigitalSpaceTests */ = {
			isa = PBXGroup;
			children = (
				795DD215231A03C300A2BEA3 /* DigitalSpaceTests.swift */,
				795DD217231A03C300A2BEA3 /* Info.plist */,
			);
			path = DigitalSpaceTests;
			sourceTree = "<group>";
		};
		795DD220231A03E500A2BEA3 /* Plugins */ = {
			isa = PBXGroup;
			children = (
				795DD22F231A088600A2BEA3 /* Network */,
				795DD230231A088B00A2BEA3 /* Persistence */,
				795DD22E231A087E00A2BEA3 /* CBuilder */,
			);
			path = Plugins;
			sourceTree = "<group>";
		};
		795DD221231A048C00A2BEA3 /* Entities */ = {
			isa = PBXGroup;
			children = (
				795DD237231A0C1200A2BEA3 /* Category.swift */,
				795DD239231A0DDA00A2BEA3 /* Item.swift */,
			);
			path = Entities;
			sourceTree = "<group>";
		};
		795DD222231A049200A2BEA3 /* Features */ = {
			isa = PBXGroup;
			children = (
				795DD227231A067A00A2BEA3 /* Home */,
			);
			path = Features;
			sourceTree = "<group>";
		};
		795DD223231A04C100A2BEA3 /* Constructor */ = {
			isa = PBXGroup;
			children = (
				795DD200231A03C100A2BEA3 /* AppDelegate.swift */,
				795DD225231A050400A2BEA3 /* Constructor.swift */,
			);
			path = Constructor;
			sourceTree = "<group>";
		};
		795DD224231A04CF00A2BEA3 /* App */ = {
			isa = PBXGroup;
			children = (
				795DD222231A049200A2BEA3 /* Features */,
				795DD223231A04C100A2BEA3 /* Constructor */,
			);
			path = App;
			sourceTree = "<group>";
		};
		795DD227231A067A00A2BEA3 /* Home */ = {
			isa = PBXGroup;
			children = (
				795DD23B231A0FF000A2BEA3 /* Definer */,
				795DD229231A068B00A2BEA3 /* Controller */,
				795DD228231A068600A2BEA3 /* View */,
			);
			path = Home;
			sourceTree = "<group>";
		};
		795DD228231A068600A2BEA3 /* View */ = {
			isa = PBXGroup;
			children = (
				795DD242231AAAB600A2BEA3 /* CategoryViewCell.swift */,
				795DD244231AAB6900A2BEA3 /* CategoryHeaderView.swift */,
			);
			path = View;
			sourceTree = "<group>";
		};
		795DD229231A068B00A2BEA3 /* Controller */ = {
			isa = PBXGroup;
			children = (
				795DD202231A03C100A2BEA3 /* HomeController.swift */,
				795DD240231A160100A2BEA3 /* Home+TableViewController.swift */,
			);
			path = Controller;
			sourceTree = "<group>";
		};
		795DD22A231A081800A2BEA3 /* ReusableLayer */ = {
			isa = PBXGroup;
			children = (
				795DD22D231A087200A2BEA3 /* Protocol */,
			);
			path = ReusableLayer;
			sourceTree = "<group>";
		};
		795DD22D231A087200A2BEA3 /* Protocol */ = {
			isa = PBXGroup;
			children = (
				795DD22B231A084D00A2BEA3 /* ConfigurableView.swift */,
			);
			path = Protocol;
			sourceTree = "<group>";
		};
		795DD22E231A087E00A2BEA3 /* CBuilder */ = {
			isa = PBXGroup;
			children = (
				795DD231231A08BD00A2BEA3 /* CBuilder.swift */,
				795DD233231A08C900A2BEA3 /* LayoutAnchor.swift */,
			);
			path = CBuilder;
			sourceTree = "<group>";
		};
		795DD22F231A088600A2BEA3 /* Network */ = {
			isa = PBXGroup;
			children = (
				795DD235231A099600A2BEA3 /* Service.swift */,
			);
			path = Network;
			sourceTree = "<group>";
		};
		795DD230231A088B00A2BEA3 /* Persistence */ = {
			isa = PBXGroup;
			children = (
			);
			path = Persistence;
			sourceTree = "<group>";
		};
		795DD23B231A0FF000A2BEA3 /* Definer */ = {
			isa = PBXGroup;
			children = (
				795DD23C231A100D00A2BEA3 /* CategoryViewModel.swift */,
				795DD23E231A113200A2BEA3 /* Repository.swift */,
			);
			path = Definer;
			sourceTree = "<group>";
		};
/* End PBXGroup section */

/* Begin PBXNativeTarget section */
		795DD1FC231A03C100A2BEA3 /* DigitalSpace */ = {
			isa = PBXNativeTarget;
			buildConfigurationList = 795DD21A231A03C300A2BEA3 /* Build configuration list for PBXNativeTarget "DigitalSpace" */;
			buildPhases = (
				795DD1F9231A03C100A2BEA3 /* Sources */,
				795DD1FA231A03C100A2BEA3 /* Frameworks */,
				795DD1FB231A03C100A2BEA3 /* Resources */,
			);
			buildRules = (
			);
			dependencies = (
			);
			name = DigitalSpace;
			productName = DigitalSpace;
			productReference = 795DD1FD231A03C100A2BEA3 /* DigitalSpace.app */;
			productType = "com.apple.product-type.application";
		};
		795DD210231A03C300A2BEA3 /* DigitalSpaceTests */ = {
			isa = PBXNativeTarget;
			buildConfigurationList = 795DD21D231A03C300A2BEA3 /* Build configuration list for PBXNativeTarget "DigitalSpaceTests" */;
			buildPhases = (
				795DD20D231A03C300A2BEA3 /* Sources */,
				795DD20E231A03C300A2BEA3 /* Frameworks */,
				795DD20F231A03C300A2BEA3 /* Resources */,
			);
			buildRules = (
			);
			dependencies = (
				795DD213231A03C300A2BEA3 /* PBXTargetDependency */,
			);
			name = DigitalSpaceTests;
			productName = DigitalSpaceTests;
			productReference = 795DD211231A03C300A2BEA3 /* DigitalSpaceTests.xctest */;
			productType = "com.apple.product-type.bundle.unit-test";
		};
/* End PBXNativeTarget section */

/* Begin PBXProject section */
		795DD1F5231A03C100A2BEA3 /* Project object */ = {
			isa = PBXProject;
			attributes = {
				LastSwiftUpdateCheck = 1030;
				LastUpgradeCheck = 1030;
				ORGANIZATIONNAME = "Vinicius Mangueira";
				TargetAttributes = {
					795DD1FC231A03C100A2BEA3 = {
						CreatedOnToolsVersion = 10.3;
					};
					795DD210231A03C300A2BEA3 = {
						CreatedOnToolsVersion = 10.3;
						TestTargetID = 795DD1FC231A03C100A2BEA3;
					};
				};
			};
			buildConfigurationList = 795DD1F8231A03C100A2BEA3 /* Build configuration list for PBXProject "DigitalSpace" */;
			compatibilityVersion = "Xcode 9.3";
			developmentRegion = en;
			hasScannedForEncodings = 0;
			knownRegions = (
				en,
				Base,
			);
			mainGroup = 795DD1F4231A03C100A2BEA3;
			productRefGroup = 795DD1FE231A03C100A2BEA3 /* Products */;
			projectDirPath = "";
			projectRoot = "";
			targets = (
				795DD1FC231A03C100A2BEA3 /* DigitalSpace */,
				795DD210231A03C300A2BEA3 /* DigitalSpaceTests */,
			);
		};
/* End PBXProject section */

/* Begin PBXResourcesBuildPhase section */
		795DD1FB231A03C100A2BEA3 /* Resources */ = {
			isa = PBXResourcesBuildPhase;
			buildActionMask = 2147483647;
			files = (
				795DD20B231A03C300A2BEA3 /* LaunchScreen.storyboard in Resources */,
				795DD208231A03C300A2BEA3 /* Assets.xcassets in Resources */,
			);
			runOnlyForDeploymentPostprocessing = 0;
		};
		795DD20F231A03C300A2BEA3 /* Resources */ = {
			isa = PBXResourcesBuildPhase;
			buildActionMask = 2147483647;
			files = (
			);
			runOnlyForDeploymentPostprocessing = 0;
		};
/* End PBXResourcesBuildPhase section */

/* Begin PBXSourcesBuildPhase section */
		795DD1F9231A03C100A2BEA3 /* Sources */ = {
			isa = PBXSourcesBuildPhase;
			buildActionMask = 2147483647;
			files = (
				795DD203231A03C100A2BEA3 /* HomeController.swift in Sources */,
				795DD23A231A0DDA00A2BEA3 /* Item.swift in Sources */,
				795DD23D231A100D00A2BEA3 /* CategoryViewModel.swift in Sources */,
				795DD236231A099600A2BEA3 /* Service.swift in Sources */,
				795DD22C231A084D00A2BEA3 /* ConfigurableView.swift in Sources */,
				795DD23F231A113200A2BEA3 /* Repository.swift in Sources */,
				795DD243231AAAB600A2BEA3 /* CategoryViewCell.swift in Sources */,
				795DD245231AAB6900A2BEA3 /* CategoryHeaderView.swift in Sources */,
				795DD201231A03C100A2BEA3 /* AppDelegate.swift in Sources */,
				795DD232231A08BD00A2BEA3 /* CBuilder.swift in Sources */,
				795DD241231A160100A2BEA3 /* Home+TableViewController.swift in Sources */,
				795DD234231A08C900A2BEA3 /* LayoutAnchor.swift in Sources */,
				795DD226231A050400A2BEA3 /* Constructor.swift in Sources */,
				795DD238231A0C1200A2BEA3 /* Category.swift in Sources */,
			);
			runOnlyForDeploymentPostprocessing = 0;
		};
		795DD20D231A03C300A2BEA3 /* Sources */ = {
			isa = PBXSourcesBuildPhase;
			buildActionMask = 2147483647;
			files = (
				795DD216231A03C300A2BEA3 /* DigitalSpaceTests.swift in Sources */,
			);
			runOnlyForDeploymentPostprocessing = 0;
		};
/* End PBXSourcesBuildPhase section */

/* Begin PBXTargetDependency section */
		795DD213231A03C300A2BEA3 /* PBXTargetDependency */ = {
			isa = PBXTargetDependency;
			target = 795DD1FC231A03C100A2BEA3 /* DigitalSpace */;
			targetProxy = 795DD212231A03C300A2BEA3 /* PBXContainerItemProxy */;
		};
/* End PBXTargetDependency section */

/* Begin PBXVariantGroup section */
		795DD209231A03C300A2BEA3 /* LaunchScreen.storyboard */ = {
			isa = PBXVariantGroup;
			children = (
				795DD20A231A03C300A2BEA3 /* Base */,
			);
			name = LaunchScreen.storyboard;
			sourceTree = "<group>";
		};
/* End PBXVariantGroup section */

/* Begin XCBuildConfiguration section */
		795DD218231A03C300A2BEA3 /* Debug */ = {
			isa = XCBuildConfiguration;
			buildSettings = {
				ALWAYS_SEARCH_USER_PATHS = NO;
				CLANG_ANALYZER_NONNULL = YES;
				CLANG_ANALYZER_NUMBER_OBJECT_CONVERSION = YES_AGGRESSIVE;
				CLANG_CXX_LANGUAGE_STANDARD = "gnu++14";
				CLANG_CXX_LIBRARY = "libc++";
				CLANG_ENABLE_MODULES = YES;
				CLANG_ENABLE_OBJC_ARC = YES;
				CLANG_ENABLE_OBJC_WEAK = YES;
				CLANG_WARN_BLOCK_CAPTURE_AUTORELEASING = YES;
				CLANG_WARN_BOOL_CONVERSION = YES;
				CLANG_WARN_COMMA = YES;
				CLANG_WARN_CONSTANT_CONVERSION = YES;
				CLANG_WARN_DEPRECATED_OBJC_IMPLEMENTATIONS = YES;
				CLANG_WARN_DIRECT_OBJC_ISA_USAGE = YES_ERROR;
				CLANG_WARN_DOCUMENTATION_COMMENTS = YES;
				CLANG_WARN_EMPTY_BODY = YES;
				CLANG_WARN_ENUM_CONVERSION = YES;
				CLANG_WARN_INFINITE_RECURSION = YES;
				CLANG_WARN_INT_CONVERSION = YES;
				CLANG_WARN_NON_LITERAL_NULL_CONVERSION = YES;
				CLANG_WARN_OBJC_IMPLICIT_RETAIN_SELF = YES;
				CLANG_WARN_OBJC_LITERAL_CONVERSION = YES;
				CLANG_WARN_OBJC_ROOT_CLASS = YES_ERROR;
				CLANG_WARN_RANGE_LOOP_ANALYSIS = YES;
				CLANG_WARN_STRICT_PROTOTYPES = YES;
				CLANG_WARN_SUSPICIOUS_MOVE = YES;
				CLANG_WARN_UNGUARDED_AVAILABILITY = YES_AGGRESSIVE;
				CLANG_WARN_UNREACHABLE_CODE = YES;
				CLANG_WARN__DUPLICATE_METHOD_MATCH = YES;
				CODE_SIGN_IDENTITY = "iPhone Developer";
				COPY_PHASE_STRIP = NO;
				DEBUG_INFORMATION_FORMAT = dwarf;
				ENABLE_STRICT_OBJC_MSGSEND = YES;
				ENABLE_TESTABILITY = YES;
				GCC_C_LANGUAGE_STANDARD = gnu11;
				GCC_DYNAMIC_NO_PIC = NO;
				GCC_NO_COMMON_BLOCKS = YES;
				GCC_OPTIMIZATION_LEVEL = 0;
				GCC_PREPROCESSOR_DEFINITIONS = (
					"DEBUG=1",
					"$(inherited)",
				);
				GCC_WARN_64_TO_32_BIT_CONVERSION = YES;
				GCC_WARN_ABOUT_RETURN_TYPE = YES_ERROR;
				GCC_WARN_UNDECLARED_SELECTOR = YES;
				GCC_WARN_UNINITIALIZED_AUTOS = YES_AGGRESSIVE;
				GCC_WARN_UNUSED_FUNCTION = YES;
				GCC_WARN_UNUSED_VARIABLE = YES;
				IPHONEOS_DEPLOYMENT_TARGET = 12.4;
				MTL_ENABLE_DEBUG_INFO = INCLUDE_SOURCE;
				MTL_FAST_MATH = YES;
				ONLY_ACTIVE_ARCH = YES;
				SDKROOT = iphoneos;
				SWIFT_ACTIVE_COMPILATION_CONDITIONS = DEBUG;
				SWIFT_OPTIMIZATION_LEVEL = "-Onone";
			};
			name = Debug;
		};
		795DD219231A03C300A2BEA3 /* Release */ = {
			isa = XCBuildConfiguration;
			buildSettings = {
				ALWAYS_SEARCH_USER_PATHS = NO;
				CLANG_ANALYZER_NONNULL = YES;
				CLANG_ANALYZER_NUMBER_OBJECT_CONVERSION = YES_AGGRESSIVE;
				CLANG_CXX_LANGUAGE_STANDARD = "gnu++14";
				CLANG_CXX_LIBRARY = "libc++";
				CLANG_ENABLE_MODULES = YES;
				CLANG_ENABLE_OBJC_ARC = YES;
				CLANG_ENABLE_OBJC_WEAK = YES;
				CLANG_WARN_BLOCK_CAPTURE_AUTORELEASING = YES;
				CLANG_WARN_BOOL_CONVERSION = YES;
				CLANG_WARN_COMMA = YES;
				CLANG_WARN_CONSTANT_CONVERSION = YES;
				CLANG_WARN_DEPRECATED_OBJC_IMPLEMENTATIONS = YES;
				CLANG_WARN_DIRECT_OBJC_ISA_USAGE = YES_ERROR;
				CLANG_WARN_DOCUMENTATION_COMMENTS = YES;
				CLANG_WARN_EMPTY_BODY = YES;
				CLANG_WARN_ENUM_CONVERSION = YES;
				CLANG_WARN_INFINITE_RECURSION = YES;
				CLANG_WARN_INT_CONVERSION = YES;
				CLANG_WARN_NON_LITERAL_NULL_CONVERSION = YES;
				CLANG_WARN_OBJC_IMPLICIT_RETAIN_SELF = YES;
				CLANG_WARN_OBJC_LITERAL_CONVERSION = YES;
				CLANG_WARN_OBJC_ROOT_CLASS = YES_ERROR;
				CLANG_WARN_RANGE_LOOP_ANALYSIS = YES;
				CLANG_WARN_STRICT_PROTOTYPES = YES;
				CLANG_WARN_SUSPICIOUS_MOVE = YES;
				CLANG_WARN_UNGUARDED_AVAILABILITY = YES_AGGRESSIVE;
				CLANG_WARN_UNREACHABLE_CODE = YES;
				CLANG_WARN__DUPLICATE_METHOD_MATCH = YES;
				CODE_SIGN_IDENTITY = "iPhone Developer";
				COPY_PHASE_STRIP = NO;
				DEBUG_INFORMATION_FORMAT = "dwarf-with-dsym";
				ENABLE_NS_ASSERTIONS = NO;
				ENABLE_STRICT_OBJC_MSGSEND = YES;
				GCC_C_LANGUAGE_STANDARD = gnu11;
				GCC_NO_COMMON_BLOCKS = YES;
				GCC_WARN_64_TO_32_BIT_CONVERSION = YES;
				GCC_WARN_ABOUT_RETURN_TYPE = YES_ERROR;
				GCC_WARN_UNDECLARED_SELECTOR = YES;
				GCC_WARN_UNINITIALIZED_AUTOS = YES_AGGRESSIVE;
				GCC_WARN_UNUSED_FUNCTION = YES;
				GCC_WARN_UNUSED_VARIABLE = YES;
				IPHONEOS_DEPLOYMENT_TARGET = 12.4;
				MTL_ENABLE_DEBUG_INFO = NO;
				MTL_FAST_MATH = YES;
				SDKROOT = iphoneos;
				SWIFT_COMPILATION_MODE = wholemodule;
				SWIFT_OPTIMIZATION_LEVEL = "-O";
				VALIDATE_PRODUCT = YES;
			};
			name = Release;
		};
		795DD21B231A03C300A2BEA3 /* Debug */ = {
			isa = XCBuildConfiguration;
			buildSettings = {
				ASSETCATALOG_COMPILER_APPICON_NAME = AppIcon;
				CODE_SIGN_STYLE = Automatic;
				DEVELOPMENT_TEAM = F6FYGZ29HL;
				INFOPLIST_FILE = DigitalSpace/Info.plist;
				LD_RUNPATH_SEARCH_PATHS = (
					"$(inherited)",
					"@executable_path/Frameworks",
				);
				PRODUCT_BUNDLE_IDENTIFIER = com.academy.DigitalSpace;
				PRODUCT_NAME = "$(TARGET_NAME)";
				SWIFT_VERSION = 5.0;
				TARGETED_DEVICE_FAMILY = "1,2";
			};
			name = Debug;
		};
		795DD21C231A03C300A2BEA3 /* Release */ = {
			isa = XCBuildConfiguration;
			buildSettings = {
				ASSETCATALOG_COMPILER_APPICON_NAME = AppIcon;
				CODE_SIGN_STYLE = Automatic;
				DEVELOPMENT_TEAM = F6FYGZ29HL;
				INFOPLIST_FILE = DigitalSpace/Info.plist;
				LD_RUNPATH_SEARCH_PATHS = (
					"$(inherited)",
					"@executable_path/Frameworks",
				);
				PRODUCT_BUNDLE_IDENTIFIER = com.academy.DigitalSpace;
				PRODUCT_NAME = "$(TARGET_NAME)";
				SWIFT_VERSION = 5.0;
				TARGETED_DEVICE_FAMILY = "1,2";
			};
			name = Release;
		};
		795DD21E231A03C300A2BEA3 /* Debug */ = {
			isa = XCBuildConfiguration;
			buildSettings = {
				ALWAYS_EMBED_SWIFT_STANDARD_LIBRARIES = YES;
				BUNDLE_LOADER = "$(TEST_HOST)";
				CODE_SIGN_STYLE = Automatic;
				DEVELOPMENT_TEAM = F6FYGZ29HL;
				INFOPLIST_FILE = DigitalSpaceTests/Info.plist;
				LD_RUNPATH_SEARCH_PATHS = (
					"$(inherited)",
					"@executable_path/Frameworks",
					"@loader_path/Frameworks",
				);
				PRODUCT_BUNDLE_IDENTIFIER = com.academy.DigitalSpaceTests;
				PRODUCT_NAME = "$(TARGET_NAME)";
				SWIFT_VERSION = 5.0;
				TARGETED_DEVICE_FAMILY = "1,2";
				TEST_HOST = "$(BUILT_PRODUCTS_DIR)/DigitalSpace.app/DigitalSpace";
			};
			name = Debug;
		};
		795DD21F231A03C300A2BEA3 /* Release */ = {
			isa = XCBuildConfiguration;
			buildSettings = {
				ALWAYS_EMBED_SWIFT_STANDARD_LIBRARIES = YES;
				BUNDLE_LOADER = "$(TEST_HOST)";
				CODE_SIGN_STYLE = Automatic;
				DEVELOPMENT_TEAM = F6FYGZ29HL;
				INFOPLIST_FILE = DigitalSpaceTests/Info.plist;
				LD_RUNPATH_SEARCH_PATHS = (
					"$(inherited)",
					"@executable_path/Frameworks",
					"@loader_path/Frameworks",
				);
				PRODUCT_BUNDLE_IDENTIFIER = com.academy.DigitalSpaceTests;
				PRODUCT_NAME = "$(TARGET_NAME)";
				SWIFT_VERSION = 5.0;
				TARGETED_DEVICE_FAMILY = "1,2";
				TEST_HOST = "$(BUILT_PRODUCTS_DIR)/DigitalSpace.app/DigitalSpace";
			};
			name = Release;
		};
/* End XCBuildConfiguration section */

/* Begin XCConfigurationList section */
		795DD1F8231A03C100A2BEA3 /* Build configuration list for PBXProject "DigitalSpace" */ = {
			isa = XCConfigurationList;
			buildConfigurations = (
				795DD218231A03C300A2BEA3 /* Debug */,
				795DD219231A03C300A2BEA3 /* Release */,
			);
			defaultConfigurationIsVisible = 0;
			defaultConfigurationName = Release;
		};
		795DD21A231A03C300A2BEA3 /* Build configuration list for PBXNativeTarget "DigitalSpace" */ = {
			isa = XCConfigurationList;
			buildConfigurations = (
				795DD21B231A03C300A2BEA3 /* Debug */,
				795DD21C231A03C300A2BEA3 /* Release */,
			);
			defaultConfigurationIsVisible = 0;
			defaultConfigurationName = Release;
		};
		795DD21D231A03C300A2BEA3 /* Build configuration list for PBXNativeTarget "DigitalSpaceTests" */ = {
			isa = XCConfigurationList;
			buildConfigurations = (
				795DD21E231A03C300A2BEA3 /* Debug */,
				795DD21F231A03C300A2BEA3 /* Release */,
			);
			defaultConfigurationIsVisible = 0;
			defaultConfigurationName = Release;
		};
/* End XCConfigurationList section */
	};
	rootObject = 795DD1F5231A03C100A2BEA3 /* Project object */;
}
