// !$*UTF8*$!
{
	archiveVersion = 1;
	classes = {
	};
	objectVersion = 51;
	objects = {

/* Begin PBXBuildFile section */
		246DB12AEE0AF267D3420B1D /* Pods_DigitalSpace.framework in Frameworks */ = {isa = PBXBuildFile; fileRef = 78B28D9D09B555550C45B4B7 /* Pods_DigitalSpace.framework */; };
		790D8232231C9D530083174A /* FavoritesViewCell.swift in Sources */ = {isa = PBXBuildFile; fileRef = 790D8231231C9D530083174A /* FavoritesViewCell.swift */; };
		79208054231E74F8008248B7 /* FavoriteRepository.swift in Sources */ = {isa = PBXBuildFile; fileRef = 79208053231E74F8008248B7 /* FavoriteRepository.swift */; };
		79208057231E7584008248B7 /* FavoritesViewModel.swift in Sources */ = {isa = PBXBuildFile; fileRef = 79208056231E7584008248B7 /* FavoritesViewModel.swift */; };
		7920805A231E78FC008248B7 /* StretchyHeaderLayout.swift in Sources */ = {isa = PBXBuildFile; fileRef = 79208059231E78FC008248B7 /* StretchyHeaderLayout.swift */; };
		7936CAD2231BDD2E00FD6FDF /* FavoritesController.swift in Sources */ = {isa = PBXBuildFile; fileRef = 7936CAD1231BDD2E00FD6FDF /* FavoritesController.swift */; };
		7936CAD5231C3B6E00FD6FDF /* MenuFooterView.swift in Sources */ = {isa = PBXBuildFile; fileRef = 7936CAD4231C3B6E00FD6FDF /* MenuFooterView.swift */; };
		7936CAD7231C4FE400FD6FDF /* HorizontalSnappingController.swift in Sources */ = {isa = PBXBuildFile; fileRef = 7936CAD6231C4FE400FD6FDF /* HorizontalSnappingController.swift */; };
		795DD201231A03C100A2BEA3 /* AppDelegate.swift in Sources */ = {isa = PBXBuildFile; fileRef = 795DD200231A03C100A2BEA3 /* AppDelegate.swift */; };
		795DD203231A03C100A2BEA3 /* HomeController.swift in Sources */ = {isa = PBXBuildFile; fileRef = 795DD202231A03C100A2BEA3 /* HomeController.swift */; };
		795DD208231A03C300A2BEA3 /* Assets.xcassets in Resources */ = {isa = PBXBuildFile; fileRef = 795DD207231A03C300A2BEA3 /* Assets.xcassets */; };
		795DD20B231A03C300A2BEA3 /* LaunchScreen.storyboard in Resources */ = {isa = PBXBuildFile; fileRef = 795DD209231A03C300A2BEA3 /* LaunchScreen.storyboard */; };
		795DD216231A03C300A2BEA3 /* DigitalSpaceTests.swift in Sources */ = {isa = PBXBuildFile; fileRef = 795DD215231A03C300A2BEA3 /* DigitalSpaceTests.swift */; };
		795DD226231A050400A2BEA3 /* Constructor.swift in Sources */ = {isa = PBXBuildFile; fileRef = 795DD225231A050400A2BEA3 /* Constructor.swift */; };
		795DD22C231A084D00A2BEA3 /* ConfigurableView.swift in Sources */ = {isa = PBXBuildFile; fileRef = 795DD22B231A084D00A2BEA3 /* ConfigurableView.swift */; };
		795DD232231A08BD00A2BEA3 /* CBuilder.swift in Sources */ = {isa = PBXBuildFile; fileRef = 795DD231231A08BD00A2BEA3 /* CBuilder.swift */; };
		795DD234231A08C900A2BEA3 /* LayoutAnchor.swift in Sources */ = {isa = PBXBuildFile; fileRef = 795DD233231A08C900A2BEA3 /* LayoutAnchor.swift */; };
		795DD236231A099600A2BEA3 /* Service.swift in Sources */ = {isa = PBXBuildFile; fileRef = 795DD235231A099600A2BEA3 /* Service.swift */; };
		795DD238231A0C1200A2BEA3 /* Category.swift in Sources */ = {isa = PBXBuildFile; fileRef = 795DD237231A0C1200A2BEA3 /* Category.swift */; };
		795DD23A231A0DDA00A2BEA3 /* Item.swift in Sources */ = {isa = PBXBuildFile; fileRef = 795DD239231A0DDA00A2BEA3 /* Item.swift */; };
		795DD23D231A100D00A2BEA3 /* CategoryViewModel.swift in Sources */ = {isa = PBXBuildFile; fileRef = 795DD23C231A100D00A2BEA3 /* CategoryViewModel.swift */; };
		795DD23F231A113200A2BEA3 /* Repository.swift in Sources */ = {isa = PBXBuildFile; fileRef = 795DD23E231A113200A2BEA3 /* Repository.swift */; };
		795DD241231A160100A2BEA3 /* Home+TableViewController.swift in Sources */ = {isa = PBXBuildFile; fileRef = 795DD240231A160100A2BEA3 /* Home+TableViewController.swift */; };
		795DD243231AAAB600A2BEA3 /* CategoryViewCell.swift in Sources */ = {isa = PBXBuildFile; fileRef = 795DD242231AAAB600A2BEA3 /* CategoryViewCell.swift */; };
		795DD245231AAB6900A2BEA3 /* CategoryHeaderView.swift in Sources */ = {isa = PBXBuildFile; fileRef = 795DD244231AAB6900A2BEA3 /* CategoryHeaderView.swift */; };
		795DD247231AB29900A2BEA3 /* BaseCollectionController.swift in Sources */ = {isa = PBXBuildFile; fileRef = 795DD246231AB29900A2BEA3 /* BaseCollectionController.swift */; };
		795DD24A231AB2E400A2BEA3 /* ItemsController.swift in Sources */ = {isa = PBXBuildFile; fileRef = 795DD249231AB2E400A2BEA3 /* ItemsController.swift */; };
		795DD24C231AB70900A2BEA3 /* ItemViewCell.swift in Sources */ = {isa = PBXBuildFile; fileRef = 795DD24B231AB70900A2BEA3 /* ItemViewCell.swift */; };
		795DD250231ACB2800A2BEA3 /* MenuController.swift in Sources */ = {isa = PBXBuildFile; fileRef = 795DD24F231ACB2800A2BEA3 /* MenuController.swift */; };
		795DD256231ADBEF00A2BEA3 /* InternalController.swift in Sources */ = {isa = PBXBuildFile; fileRef = 795DD255231ADBEF00A2BEA3 /* InternalController.swift */; };
		795DD258231AE3BA00A2BEA3 /* InternalHeaderView.swift in Sources */ = {isa = PBXBuildFile; fileRef = 795DD257231AE3BA00A2BEA3 /* InternalHeaderView.swift */; };
		795DD25A231AEB8000A2BEA3 /* InternalViewCell.swift in Sources */ = {isa = PBXBuildFile; fileRef = 795DD259231AEB8000A2BEA3 /* InternalViewCell.swift */; };
		796ED99D231BB8C800E4BA26 /* MenuOptionCell.swift in Sources */ = {isa = PBXBuildFile; fileRef = 796ED99C231BB8C800E4BA26 /* MenuOptionCell.swift */; };
		796ED9A0231BB90200E4BA26 /* MenuOption.swift in Sources */ = {isa = PBXBuildFile; fileRef = 796ED99F231BB90200E4BA26 /* MenuOption.swift */; };
		796ED9A2231BBAE900E4BA26 /* ContainerController.swift in Sources */ = {isa = PBXBuildFile; fileRef = 796ED9A1231BBAE900E4BA26 /* ContainerController.swift */; };
		797AFB29231D23C500384EAC /* CoreStack.swift in Sources */ = {isa = PBXBuildFile; fileRef = 797AFB28231D23C500384EAC /* CoreStack.swift */; };
		797AFB2B231D23D100384EAC /* CoreDao.swift in Sources */ = {isa = PBXBuildFile; fileRef = 797AFB2A231D23D100384EAC /* CoreDao.swift */; };
		797AFB2D231D23DB00384EAC /* ConfigurableDao.swift in Sources */ = {isa = PBXBuildFile; fileRef = 797AFB2C231D23DB00384EAC /* ConfigurableDao.swift */; };
		797AFB2F231D23E800384EAC /* NSManajedObject+Extension.swift in Sources */ = {isa = PBXBuildFile; fileRef = 797AFB2E231D23E800384EAC /* NSManajedObject+Extension.swift */; };
		797AFB32231D245900384EAC /* FavoriteItem.xcdatamodeld in Sources */ = {isa = PBXBuildFile; fileRef = 797AFB30231D245900384EAC /* FavoriteItem.xcdatamodeld */; };
		797AFB3D231D253C00384EAC /* FavoriteItem.swift in Sources */ = {isa = PBXBuildFile; fileRef = 797AFB3C231D253C00384EAC /* FavoriteItem.swift */; };
		797AFB3F231D254900384EAC /* FavoriteItem+Extension.swift in Sources */ = {isa = PBXBuildFile; fileRef = 797AFB3E231D254900384EAC /* FavoriteItem+Extension.swift */; };
		797AFB41231D26C300384EAC /* ItemFavoriteController.swift in Sources */ = {isa = PBXBuildFile; fileRef = 797AFB40231D26C300384EAC /* ItemFavoriteController.swift */; };
		797AFB43231D27A800384EAC /* FavoriteItemViewCell.swift in Sources */ = {isa = PBXBuildFile; fileRef = 797AFB42231D27A800384EAC /* FavoriteItemViewCell.swift */; };
		909E05CF310C153664C4FB37 /* Pods_DigitalSpaceTests.framework in Frameworks */ = {isa = PBXBuildFile; fileRef = B14967868B9221BD00291A33 /* Pods_DigitalSpaceTests.framework */; };
/* End PBXBuildFile section */

/* Begin PBXContainerItemProxy section */
		795DD212231A03C300A2BEA3 /* PBXContainerItemProxy */ = {
			isa = PBXContainerItemProxy;
			containerPortal = 795DD1F5231A03C100A2BEA3 /* Project object */;
			proxyType = 1;
			remoteGlobalIDString = 795DD1FC231A03C100A2BEA3;
			remoteInfo = DigitalSpace;
		};
/* End PBXContainerItemProxy section */

/* Begin PBXFileReference section */
		100265F018268F3830DD92E1 /* Pods-DigitalSpace.release.xcconfig */ = {isa = PBXFileReference; includeInIndex = 1; lastKnownFileType = text.xcconfig; name = "Pods-DigitalSpace.release.xcconfig"; path = "Target Support Files/Pods-DigitalSpace/Pods-DigitalSpace.release.xcconfig"; sourceTree = "<group>"; };
		75DC0BBCA9B49BC8A8D80ECA /* Pods-DigitalSpaceTests.debug.xcconfig */ = {isa = PBXFileReference; includeInIndex = 1; lastKnownFileType = text.xcconfig; name = "Pods-DigitalSpaceTests.debug.xcconfig"; path = "Target Support Files/Pods-DigitalSpaceTests/Pods-DigitalSpaceTests.debug.xcconfig"; sourceTree = "<group>"; };
		78B28D9D09B555550C45B4B7 /* Pods_DigitalSpace.framework */ = {isa = PBXFileReference; explicitFileType = wrapper.framework; includeInIndex = 0; path = Pods_DigitalSpace.framework; sourceTree = BUILT_PRODUCTS_DIR; };
		790D8231231C9D530083174A /* FavoritesViewCell.swift */ = {isa = PBXFileReference; lastKnownFileType = sourcecode.swift; path = FavoritesViewCell.swift; sourceTree = "<group>"; };
		79208053231E74F8008248B7 /* FavoriteRepository.swift */ = {isa = PBXFileReference; lastKnownFileType = sourcecode.swift; path = FavoriteRepository.swift; sourceTree = "<group>"; };
		79208056231E7584008248B7 /* FavoritesViewModel.swift */ = {isa = PBXFileReference; lastKnownFileType = sourcecode.swift; path = FavoritesViewModel.swift; sourceTree = "<group>"; };
		79208059231E78FC008248B7 /* StretchyHeaderLayout.swift */ = {isa = PBXFileReference; lastKnownFileType = sourcecode.swift; path = StretchyHeaderLayout.swift; sourceTree = "<group>"; };
		7936CAD1231BDD2E00FD6FDF /* FavoritesController.swift */ = {isa = PBXFileReference; lastKnownFileType = sourcecode.swift; path = FavoritesController.swift; sourceTree = "<group>"; };
		7936CAD4231C3B6E00FD6FDF /* MenuFooterView.swift */ = {isa = PBXFileReference; lastKnownFileType = sourcecode.swift; path = MenuFooterView.swift; sourceTree = "<group>"; };
		7936CAD6231C4FE400FD6FDF /* HorizontalSnappingController.swift */ = {isa = PBXFileReference; lastKnownFileType = sourcecode.swift; path = HorizontalSnappingController.swift; sourceTree = "<group>"; };
		795DD1FD231A03C100A2BEA3 /* DigitalSpace.app */ = {isa = PBXFileReference; explicitFileType = wrapper.application; includeInIndex = 0; path = DigitalSpace.app; sourceTree = BUILT_PRODUCTS_DIR; };
		795DD200231A03C100A2BEA3 /* AppDelegate.swift */ = {isa = PBXFileReference; lastKnownFileType = sourcecode.swift; path = AppDelegate.swift; sourceTree = "<group>"; };
		795DD202231A03C100A2BEA3 /* HomeController.swift */ = {isa = PBXFileReference; lastKnownFileType = sourcecode.swift; path = HomeController.swift; sourceTree = "<group>"; };
		795DD207231A03C300A2BEA3 /* Assets.xcassets */ = {isa = PBXFileReference; lastKnownFileType = folder.assetcatalog; path = Assets.xcassets; sourceTree = "<group>"; };
		795DD20A231A03C300A2BEA3 /* Base */ = {isa = PBXFileReference; lastKnownFileType = file.storyboard; name = Base; path = Base.lproj/LaunchScreen.storyboard; sourceTree = "<group>"; };
		795DD20C231A03C300A2BEA3 /* Info.plist */ = {isa = PBXFileReference; lastKnownFileType = text.plist.xml; path = Info.plist; sourceTree = "<group>"; };
		795DD211231A03C300A2BEA3 /* DigitalSpaceTests.xctest */ = {isa = PBXFileReference; explicitFileType = wrapper.cfbundle; includeInIndex = 0; path = DigitalSpaceTests.xctest; sourceTree = BUILT_PRODUCTS_DIR; };
		795DD215231A03C300A2BEA3 /* DigitalSpaceTests.swift */ = {isa = PBXFileReference; lastKnownFileType = sourcecode.swift; path = DigitalSpaceTests.swift; sourceTree = "<group>"; };
		795DD217231A03C300A2BEA3 /* Info.plist */ = {isa = PBXFileReference; lastKnownFileType = text.plist.xml; path = Info.plist; sourceTree = "<group>"; };
		795DD225231A050400A2BEA3 /* Constructor.swift */ = {isa = PBXFileReference; lastKnownFileType = sourcecode.swift; path = Constructor.swift; sourceTree = "<group>"; };
		795DD22B231A084D00A2BEA3 /* ConfigurableView.swift */ = {isa = PBXFileReference; lastKnownFileType = sourcecode.swift; path = ConfigurableView.swift; sourceTree = "<group>"; };
		795DD231231A08BD00A2BEA3 /* CBuilder.swift */ = {isa = PBXFileReference; lastKnownFileType = sourcecode.swift; path = CBuilder.swift; sourceTree = "<group>"; };
		795DD233231A08C900A2BEA3 /* LayoutAnchor.swift */ = {isa = PBXFileReference; lastKnownFileType = sourcecode.swift; path = LayoutAnchor.swift; sourceTree = "<group>"; };
		795DD235231A099600A2BEA3 /* Service.swift */ = {isa = PBXFileReference; lastKnownFileType = sourcecode.swift; path = Service.swift; sourceTree = "<group>"; };
		795DD237231A0C1200A2BEA3 /* Category.swift */ = {isa = PBXFileReference; lastKnownFileType = sourcecode.swift; path = Category.swift; sourceTree = "<group>"; };
		795DD239231A0DDA00A2BEA3 /* Item.swift */ = {isa = PBXFileReference; lastKnownFileType = sourcecode.swift; path = Item.swift; sourceTree = "<group>"; };
		795DD23C231A100D00A2BEA3 /* CategoryViewModel.swift */ = {isa = PBXFileReference; lastKnownFileType = sourcecode.swift; path = CategoryViewModel.swift; sourceTree = "<group>"; };
		795DD23E231A113200A2BEA3 /* Repository.swift */ = {isa = PBXFileReference; lastKnownFileType = sourcecode.swift; path = Repository.swift; sourceTree = "<group>"; };
		795DD240231A160100A2BEA3 /* Home+TableViewController.swift */ = {isa = PBXFileReference; lastKnownFileType = sourcecode.swift; path = "Home+TableViewController.swift"; sourceTree = "<group>"; };
		795DD242231AAAB600A2BEA3 /* CategoryViewCell.swift */ = {isa = PBXFileReference; lastKnownFileType = sourcecode.swift; path = CategoryViewCell.swift; sourceTree = "<group>"; };
		795DD244231AAB6900A2BEA3 /* CategoryHeaderView.swift */ = {isa = PBXFileReference; lastKnownFileType = sourcecode.swift; path = CategoryHeaderView.swift; sourceTree = "<group>"; };
		795DD246231AB29900A2BEA3 /* BaseCollectionController.swift */ = {isa = PBXFileReference; lastKnownFileType = sourcecode.swift; path = BaseCollectionController.swift; sourceTree = "<group>"; };
		795DD249231AB2E400A2BEA3 /* ItemsController.swift */ = {isa = PBXFileReference; lastKnownFileType = sourcecode.swift; path = ItemsController.swift; sourceTree = "<group>"; };
		795DD24B231AB70900A2BEA3 /* ItemViewCell.swift */ = {isa = PBXFileReference; lastKnownFileType = sourcecode.swift; path = ItemViewCell.swift; sourceTree = "<group>"; };
		795DD24F231ACB2800A2BEA3 /* MenuController.swift */ = {isa = PBXFileReference; lastKnownFileType = sourcecode.swift; path = MenuController.swift; sourceTree = "<group>"; };
		795DD255231ADBEF00A2BEA3 /* InternalController.swift */ = {isa = PBXFileReference; lastKnownFileType = sourcecode.swift; path = InternalController.swift; sourceTree = "<group>"; };
		795DD257231AE3BA00A2BEA3 /* InternalHeaderView.swift */ = {isa = PBXFileReference; lastKnownFileType = sourcecode.swift; path = InternalHeaderView.swift; sourceTree = "<group>"; };
		795DD259231AEB8000A2BEA3 /* InternalViewCell.swift */ = {isa = PBXFileReference; lastKnownFileType = sourcecode.swift; path = InternalViewCell.swift; sourceTree = "<group>"; };
		796ED99C231BB8C800E4BA26 /* MenuOptionCell.swift */ = {isa = PBXFileReference; lastKnownFileType = sourcecode.swift; path = MenuOptionCell.swift; sourceTree = "<group>"; };
		796ED99F231BB90200E4BA26 /* MenuOption.swift */ = {isa = PBXFileReference; lastKnownFileType = sourcecode.swift; path = MenuOption.swift; sourceTree = "<group>"; };
		796ED9A1231BBAE900E4BA26 /* ContainerController.swift */ = {isa = PBXFileReference; lastKnownFileType = sourcecode.swift; path = ContainerController.swift; sourceTree = "<group>"; };
		797AFB28231D23C500384EAC /* CoreStack.swift */ = {isa = PBXFileReference; lastKnownFileType = sourcecode.swift; path = CoreStack.swift; sourceTree = "<group>"; };
		797AFB2A231D23D100384EAC /* CoreDao.swift */ = {isa = PBXFileReference; lastKnownFileType = sourcecode.swift; path = CoreDao.swift; sourceTree = "<group>"; };
		797AFB2C231D23DB00384EAC /* ConfigurableDao.swift */ = {isa = PBXFileReference; lastKnownFileType = sourcecode.swift; path = ConfigurableDao.swift; sourceTree = "<group>"; };
		797AFB2E231D23E800384EAC /* NSManajedObject+Extension.swift */ = {isa = PBXFileReference; lastKnownFileType = sourcecode.swift; path = "NSManajedObject+Extension.swift"; sourceTree = "<group>"; };
		797AFB31231D245900384EAC /* FavoriteItem.xcdatamodel */ = {isa = PBXFileReference; lastKnownFileType = wrapper.xcdatamodel; path = FavoriteItem.xcdatamodel; sourceTree = "<group>"; };
		797AFB3C231D253C00384EAC /* FavoriteItem.swift */ = {isa = PBXFileReference; lastKnownFileType = sourcecode.swift; path = FavoriteItem.swift; sourceTree = "<group>"; };
		797AFB3E231D254900384EAC /* FavoriteItem+Extension.swift */ = {isa = PBXFileReference; lastKnownFileType = sourcecode.swift; path = "FavoriteItem+Extension.swift"; sourceTree = "<group>"; };
		797AFB40231D26C300384EAC /* ItemFavoriteController.swift */ = {isa = PBXFileReference; lastKnownFileType = sourcecode.swift; path = ItemFavoriteController.swift; sourceTree = "<group>"; };
		797AFB42231D27A800384EAC /* FavoriteItemViewCell.swift */ = {isa = PBXFileReference; lastKnownFileType = sourcecode.swift; path = FavoriteItemViewCell.swift; sourceTree = "<group>"; };
		B14967868B9221BD00291A33 /* Pods_DigitalSpaceTests.framework */ = {isa = PBXFileReference; explicitFileType = wrapper.framework; includeInIndex = 0; path = Pods_DigitalSpaceTests.framework; sourceTree = BUILT_PRODUCTS_DIR; };
		B461ABBA26744EF2B0C08042 /* Pods-DigitalSpaceTests.release.xcconfig */ = {isa = PBXFileReference; includeInIndex = 1; lastKnownFileType = text.xcconfig; name = "Pods-DigitalSpaceTests.release.xcconfig"; path = "Target Support Files/Pods-DigitalSpaceTests/Pods-DigitalSpaceTests.release.xcconfig"; sourceTree = "<group>"; };
		F30EA6FD88CDF5F5C51E0638 /* Pods-DigitalSpace.debug.xcconfig */ = {isa = PBXFileReference; includeInIndex = 1; lastKnownFileType = text.xcconfig; name = "Pods-DigitalSpace.debug.xcconfig"; path = "Target Support Files/Pods-DigitalSpace/Pods-DigitalSpace.debug.xcconfig"; sourceTree = "<group>"; };
/* End PBXFileReference section */

/* Begin PBXFrameworksBuildPhase section */
		795DD1FA231A03C100A2BEA3 /* Frameworks */ = {
			isa = PBXFrameworksBuildPhase;
			buildActionMask = 2147483647;
			files = (
				246DB12AEE0AF267D3420B1D /* Pods_DigitalSpace.framework in Frameworks */,
			);
			runOnlyForDeploymentPostprocessing = 0;
		};
		795DD20E231A03C300A2BEA3 /* Frameworks */ = {
			isa = PBXFrameworksBuildPhase;
			buildActionMask = 2147483647;
			files = (
				909E05CF310C153664C4FB37 /* Pods_DigitalSpaceTests.framework in Frameworks */,
			);
			runOnlyForDeploymentPostprocessing = 0;
		};
/* End PBXFrameworksBuildPhase section */

/* Begin PBXGroup section */
		79208051231E74DB008248B7 /* Definer */ = {
			isa = PBXGroup;
			children = (
				79208055231E7572008248B7 /* ViewModel */,
				79208052231E74E9008248B7 /* Repository */,
			);
			path = Definer;
			sourceTree = "<group>";
		};
		79208052231E74E9008248B7 /* Repository */ = {
			isa = PBXGroup;
			children = (
				79208053231E74F8008248B7 /* FavoriteRepository.swift */,
			);
			path = Repository;
			sourceTree = "<group>";
		};
		79208055231E7572008248B7 /* ViewModel */ = {
			isa = PBXGroup;
			children = (
				79208056231E7584008248B7 /* FavoritesViewModel.swift */,
			);
			path = ViewModel;
			sourceTree = "<group>";
		};
		79208058231E78EE008248B7 /* Animate */ = {
			isa = PBXGroup;
			children = (
				79208059231E78FC008248B7 /* StretchyHeaderLayout.swift */,
			);
			path = Animate;
			sourceTree = "<group>";
		};
		7936CACF231BDCCE00FD6FDF /* Controller */ = {
			isa = PBXGroup;
			children = (
				7936CAD1231BDD2E00FD6FDF /* FavoritesController.swift */,
				797AFB40231D26C300384EAC /* ItemFavoriteController.swift */,
			);
			path = Controller;
			sourceTree = "<group>";
		};
		7936CAD0231BDCDB00FD6FDF /* View */ = {
			isa = PBXGroup;
			children = (
				790D8231231C9D530083174A /* FavoritesViewCell.swift */,
				797AFB42231D27A800384EAC /* FavoriteItemViewCell.swift */,
			);
			path = View;
			sourceTree = "<group>";
		};
		7936CAD3231C150200FD6FDF /* CoreDao */ = {
			isa = PBXGroup;
			children = (
				797AFB33231D247000384EAC /* DataModel */,
				797AFB28231D23C500384EAC /* CoreStack.swift */,
				797AFB2A231D23D100384EAC /* CoreDao.swift */,
				797AFB2C231D23DB00384EAC /* ConfigurableDao.swift */,
				797AFB2E231D23E800384EAC /* NSManajedObject+Extension.swift */,
			);
			path = CoreDao;
			sourceTree = "<group>";
		};
		795DD1F4231A03C100A2BEA3 = {
			isa = PBXGroup;
			children = (
				795DD1FF231A03C100A2BEA3 /* DigitalSpace */,
				795DD214231A03C300A2BEA3 /* DigitalSpaceTests */,
				795DD1FE231A03C100A2BEA3 /* Products */,
				7EECDED1BFA644190FD0A4F3 /* Pods */,
				F2DF9BB21E23AEDE25E85BA9 /* Frameworks */,
			);
			sourceTree = "<group>";
		};
		795DD1FE231A03C100A2BEA3 /* Products */ = {
			isa = PBXGroup;
			children = (
				795DD1FD231A03C100A2BEA3 /* DigitalSpace.app */,
				795DD211231A03C300A2BEA3 /* DigitalSpaceTests.xctest */,
			);
			name = Products;
			sourceTree = "<group>";
		};
		795DD1FF231A03C100A2BEA3 /* DigitalSpace */ = {
			isa = PBXGroup;
			children = (
				795DD224231A04CF00A2BEA3 /* App */,
				795DD220231A03E500A2BEA3 /* Plugins */,
				795DD221231A048C00A2BEA3 /* Entities */,
				795DD22A231A081800A2BEA3 /* ReusableLayer */,
				795DD207231A03C300A2BEA3 /* Assets.xcassets */,
				795DD209231A03C300A2BEA3 /* LaunchScreen.storyboard */,
				795DD20C231A03C300A2BEA3 /* Info.plist */,
			);
			path = DigitalSpace;
			sourceTree = "<group>";
		};
		795DD214231A03C300A2BEA3 /* DigitalSpaceTests */ = {
			isa = PBXGroup;
			children = (
				795DD215231A03C300A2BEA3 /* DigitalSpaceTests.swift */,
				795DD217231A03C300A2BEA3 /* Info.plist */,
			);
			path = DigitalSpaceTests;
			sourceTree = "<group>";
		};
		795DD220231A03E500A2BEA3 /* Plugins */ = {
			isa = PBXGroup;
			children = (
				795DD22F231A088600A2BEA3 /* Network */,
				795DD230231A088B00A2BEA3 /* Persistence */,
				795DD22E231A087E00A2BEA3 /* CBuilder */,
			);
			path = Plugins;
			sourceTree = "<group>";
		};
		795DD221231A048C00A2BEA3 /* Entities */ = {
			isa = PBXGroup;
			children = (
				795DD237231A0C1200A2BEA3 /* Category.swift */,
				795DD239231A0DDA00A2BEA3 /* Item.swift */,
				797AFB3C231D253C00384EAC /* FavoriteItem.swift */,
				797AFB3E231D254900384EAC /* FavoriteItem+Extension.swift */,
			);
			path = Entities;
			sourceTree = "<group>";
		};
		795DD222231A049200A2BEA3 /* Features */ = {
			isa = PBXGroup;
			children = (
				795DD252231ADBC800A2BEA3 /* Internal */,
				795DD24D231ACA0400A2BEA3 /* Menu */,
				795DD227231A067A00A2BEA3 /* Home */,
				795DD251231AD36C00A2BEA3 /* Favorites */,
			);
			path = Features;
			sourceTree = "<group>";
		};
		795DD223231A04C100A2BEA3 /* Constructor */ = {
			isa = PBXGroup;
			children = (
				795DD200231A03C100A2BEA3 /* AppDelegate.swift */,
				795DD225231A050400A2BEA3 /* Constructor.swift */,
				796ED9A1231BBAE900E4BA26 /* ContainerController.swift */,
			);
			path = Constructor;
			sourceTree = "<group>";
		};
		795DD224231A04CF00A2BEA3 /* App */ = {
			isa = PBXGroup;
			children = (
				795DD222231A049200A2BEA3 /* Features */,
				795DD223231A04C100A2BEA3 /* Constructor */,
			);
			path = App;
			sourceTree = "<group>";
		};
		795DD227231A067A00A2BEA3 /* Home */ = {
			isa = PBXGroup;
			children = (
				795DD23B231A0FF000A2BEA3 /* Definer */,
				795DD229231A068B00A2BEA3 /* Controller */,
				795DD228231A068600A2BEA3 /* View */,
			);
			path = Home;
			sourceTree = "<group>";
		};
		795DD228231A068600A2BEA3 /* View */ = {
			isa = PBXGroup;
			children = (
				795DD242231AAAB600A2BEA3 /* CategoryViewCell.swift */,
				795DD244231AAB6900A2BEA3 /* CategoryHeaderView.swift */,
				795DD24B231AB70900A2BEA3 /* ItemViewCell.swift */,
			);
			path = View;
			sourceTree = "<group>";
		};
		795DD229231A068B00A2BEA3 /* Controller */ = {
			isa = PBXGroup;
			children = (
				795DD202231A03C100A2BEA3 /* HomeController.swift */,
				795DD240231A160100A2BEA3 /* Home+TableViewController.swift */,
				795DD249231AB2E400A2BEA3 /* ItemsController.swift */,
			);
			path = Controller;
			sourceTree = "<group>";
		};
		795DD22A231A081800A2BEA3 /* ReusableLayer */ = {
			isa = PBXGroup;
			children = (
				79208058231E78EE008248B7 /* Animate */,
				795DD248231AB2A000A2BEA3 /* Controller */,
				795DD22D231A087200A2BEA3 /* Protocol */,
			);
			path = ReusableLayer;
			sourceTree = "<group>";
		};
		795DD22D231A087200A2BEA3 /* Protocol */ = {
			isa = PBXGroup;
			children = (
				795DD22B231A084D00A2BEA3 /* ConfigurableView.swift */,
			);
			path = Protocol;
			sourceTree = "<group>";
		};
		795DD22E231A087E00A2BEA3 /* CBuilder */ = {
			isa = PBXGroup;
			children = (
				795DD231231A08BD00A2BEA3 /* CBuilder.swift */,
				795DD233231A08C900A2BEA3 /* LayoutAnchor.swift */,
			);
			path = CBuilder;
			sourceTree = "<group>";
		};
		795DD22F231A088600A2BEA3 /* Network */ = {
			isa = PBXGroup;
			children = (
				795DD235231A099600A2BEA3 /* Service.swift */,
			);
			path = Network;
			sourceTree = "<group>";
		};
		795DD230231A088B00A2BEA3 /* Persistence */ = {
			isa = PBXGroup;
			children = (
				7936CAD3231C150200FD6FDF /* CoreDao */,
			);
			path = Persistence;
			sourceTree = "<group>";
		};
		795DD23B231A0FF000A2BEA3 /* Definer */ = {
			isa = PBXGroup;
			children = (
				795DD23C231A100D00A2BEA3 /* CategoryViewModel.swift */,
				795DD23E231A113200A2BEA3 /* Repository.swift */,
			);
			path = Definer;
			sourceTree = "<group>";
		};
		795DD248231AB2A000A2BEA3 /* Controller */ = {
			isa = PBXGroup;
			children = (
				795DD246231AB29900A2BEA3 /* BaseCollectionController.swift */,
				7936CAD6231C4FE400FD6FDF /* HorizontalSnappingController.swift */,
			);
			path = Controller;
			sourceTree = "<group>";
		};
		795DD24D231ACA0400A2BEA3 /* Menu */ = {
			isa = PBXGroup;
			children = (
				796ED99E231BB8F500E4BA26 /* Model */,
				796ED99B231BB8B700E4BA26 /* View */,
				795DD24E231ACB1100A2BEA3 /* Controller */,
			);
			path = Menu;
			sourceTree = "<group>";
		};
		795DD24E231ACB1100A2BEA3 /* Controller */ = {
			isa = PBXGroup;
			children = (
				795DD24F231ACB2800A2BEA3 /* MenuController.swift */,
			);
			path = Controller;
			sourceTree = "<group>";
		};
		795DD251231AD36C00A2BEA3 /* Favorites */ = {
			isa = PBXGroup;
			children = (
				79208051231E74DB008248B7 /* Definer */,
				7936CAD0231BDCDB00FD6FDF /* View */,
				7936CACF231BDCCE00FD6FDF /* Controller */,
			);
			path = Favorites;
			sourceTree = "<group>";
		};
		795DD252231ADBC800A2BEA3 /* Internal */ = {
			isa = PBXGroup;
			children = (
				795DD254231ADBE200A2BEA3 /* View */,
				795DD253231ADBDE00A2BEA3 /* Controller */,
			);
			path = Internal;
			sourceTree = "<group>";
		};
		795DD253231ADBDE00A2BEA3 /* Controller */ = {
			isa = PBXGroup;
			children = (
				795DD255231ADBEF00A2BEA3 /* InternalController.swift */,
			);
			path = Controller;
			sourceTree = "<group>";
		};
		795DD254231ADBE200A2BEA3 /* View */ = {
			isa = PBXGroup;
			children = (
				795DD257231AE3BA00A2BEA3 /* InternalHeaderView.swift */,
				795DD259231AEB8000A2BEA3 /* InternalViewCell.swift */,
			);
			path = View;
			sourceTree = "<group>";
		};
		796ED99B231BB8B700E4BA26 /* View */ = {
			isa = PBXGroup;
			children = (
				796ED99C231BB8C800E4BA26 /* MenuOptionCell.swift */,
				7936CAD4231C3B6E00FD6FDF /* MenuFooterView.swift */,
			);
			path = View;
			sourceTree = "<group>";
		};
		796ED99E231BB8F500E4BA26 /* Model */ = {
			isa = PBXGroup;
			children = (
				796ED99F231BB90200E4BA26 /* MenuOption.swift */,
			);
			path = Model;
			sourceTree = "<group>";
		};
		797AFB33231D247000384EAC /* DataModel */ = {
			isa = PBXGroup;
			children = (
				797AFB30231D245900384EAC /* FavoriteItem.xcdatamodeld */,
			);
			path = DataModel;
			sourceTree = "<group>";
		};
		7EECDED1BFA644190FD0A4F3 /* Pods */ = {
			isa = PBXGroup;
			children = (
				F30EA6FD88CDF5F5C51E0638 /* Pods-DigitalSpace.debug.xcconfig */,
				100265F018268F3830DD92E1 /* Pods-DigitalSpace.release.xcconfig */,
				75DC0BBCA9B49BC8A8D80ECA /* Pods-DigitalSpaceTests.debug.xcconfig */,
				B461ABBA26744EF2B0C08042 /* Pods-DigitalSpaceTests.release.xcconfig */,
			);
			path = Pods;
			sourceTree = "<group>";
		};
		F2DF9BB21E23AEDE25E85BA9 /* Frameworks */ = {
			isa = PBXGroup;
			children = (
				78B28D9D09B555550C45B4B7 /* Pods_DigitalSpace.framework */,
				B14967868B9221BD00291A33 /* Pods_DigitalSpaceTests.framework */,
			);
			name = Frameworks;
			sourceTree = "<group>";
		};
/* End PBXGroup section */

/* Begin PBXNativeTarget section */
		795DD1FC231A03C100A2BEA3 /* DigitalSpace */ = {
			isa = PBXNativeTarget;
			buildConfigurationList = 795DD21A231A03C300A2BEA3 /* Build configuration list for PBXNativeTarget "DigitalSpace" */;
			buildPhases = (
				D29CDD1A621E56E039252D74 /* [CP] Check Pods Manifest.lock */,
				795DD1F9231A03C100A2BEA3 /* Sources */,
				795DD1FA231A03C100A2BEA3 /* Frameworks */,
				795DD1FB231A03C100A2BEA3 /* Resources */,
				5BEA0ED9A6A65749948ED9F1 /* [CP] Embed Pods Frameworks */,
			);
			buildRules = (
			);
			dependencies = (
			);
			name = DigitalSpace;
			productName = DigitalSpace;
			productReference = 795DD1FD231A03C100A2BEA3 /* DigitalSpace.app */;
			productType = "com.apple.product-type.application";
		};
		795DD210231A03C300A2BEA3 /* DigitalSpaceTests */ = {
			isa = PBXNativeTarget;
			buildConfigurationList = 795DD21D231A03C300A2BEA3 /* Build configuration list for PBXNativeTarget "DigitalSpaceTests" */;
			buildPhases = (
				888477664D4349CF79D47801 /* [CP] Check Pods Manifest.lock */,
				795DD20D231A03C300A2BEA3 /* Sources */,
				795DD20E231A03C300A2BEA3 /* Frameworks */,
				795DD20F231A03C300A2BEA3 /* Resources */,
			);
			buildRules = (
			);
			dependencies = (
				795DD213231A03C300A2BEA3 /* PBXTargetDependency */,
			);
			name = DigitalSpaceTests;
			productName = DigitalSpaceTests;
			productReference = 795DD211231A03C300A2BEA3 /* DigitalSpaceTests.xctest */;
			productType = "com.apple.product-type.bundle.unit-test";
		};
/* End PBXNativeTarget section */

/* Begin PBXProject section */
		795DD1F5231A03C100A2BEA3 /* Project object */ = {
			isa = PBXProject;
			attributes = {
				LastSwiftUpdateCheck = 1030;
				LastUpgradeCheck = 1030;
				ORGANIZATIONNAME = "Vinicius Mangueira";
				TargetAttributes = {
					795DD1FC231A03C100A2BEA3 = {
						CreatedOnToolsVersion = 10.3;
					};
					795DD210231A03C300A2BEA3 = {
						CreatedOnToolsVersion = 10.3;
						TestTargetID = 795DD1FC231A03C100A2BEA3;
					};
				};
			};
			buildConfigurationList = 795DD1F8231A03C100A2BEA3 /* Build configuration list for PBXProject "DigitalSpace" */;
			compatibilityVersion = "Xcode 9.3";
			developmentRegion = en;
			hasScannedForEncodings = 0;
			knownRegions = (
				en,
				Base,
			);
			mainGroup = 795DD1F4231A03C100A2BEA3;
			productRefGroup = 795DD1FE231A03C100A2BEA3 /* Products */;
			projectDirPath = "";
			projectRoot = "";
			targets = (
				795DD1FC231A03C100A2BEA3 /* DigitalSpace */,
				795DD210231A03C300A2BEA3 /* DigitalSpaceTests */,
			);
		};
/* End PBXProject section */

/* Begin PBXResourcesBuildPhase section */
		795DD1FB231A03C100A2BEA3 /* Resources */ = {
			isa = PBXResourcesBuildPhase;
			buildActionMask = 2147483647;
			files = (
				795DD20B231A03C300A2BEA3 /* LaunchScreen.storyboard in Resources */,
				795DD208231A03C300A2BEA3 /* Assets.xcassets in Resources */,
			);
			runOnlyForDeploymentPostprocessing = 0;
		};
		795DD20F231A03C300A2BEA3 /* Resources */ = {
			isa = PBXResourcesBuildPhase;
			buildActionMask = 2147483647;
			files = (
			);
			runOnlyForDeploymentPostprocessing = 0;
		};
/* End PBXResourcesBuildPhase section */

/* Begin PBXShellScriptBuildPhase section */
		5BEA0ED9A6A65749948ED9F1 /* [CP] Embed Pods Frameworks */ = {
			isa = PBXShellScriptBuildPhase;
			buildActionMask = 2147483647;
			files = (
			);
			inputFileListPaths = (
				"${PODS_ROOT}/Target Support Files/Pods-DigitalSpace/Pods-DigitalSpace-frameworks-${CONFIGURATION}-input-files.xcfilelist",
			);
			name = "[CP] Embed Pods Frameworks";
			outputFileListPaths = (
				"${PODS_ROOT}/Target Support Files/Pods-DigitalSpace/Pods-DigitalSpace-frameworks-${CONFIGURATION}-output-files.xcfilelist",
			);
			runOnlyForDeploymentPostprocessing = 0;
			shellPath = /bin/sh;
			shellScript = "\"${PODS_ROOT}/Target Support Files/Pods-DigitalSpace/Pods-DigitalSpace-frameworks.sh\"\n";
			showEnvVarsInLog = 0;
		};
		888477664D4349CF79D47801 /* [CP] Check Pods Manifest.lock */ = {
			isa = PBXShellScriptBuildPhase;
			buildActionMask = 2147483647;
			files = (
			);
			inputFileListPaths = (
			);
			inputPaths = (
				"${PODS_PODFILE_DIR_PATH}/Podfile.lock",
				"${PODS_ROOT}/Manifest.lock",
			);
			name = "[CP] Check Pods Manifest.lock";
			outputFileListPaths = (
			);
			outputPaths = (
				"$(DERIVED_FILE_DIR)/Pods-DigitalSpaceTests-checkManifestLockResult.txt",
			);
			runOnlyForDeploymentPostprocessing = 0;
			shellPath = /bin/sh;
			shellScript = "diff \"${PODS_PODFILE_DIR_PATH}/Podfile.lock\" \"${PODS_ROOT}/Manifest.lock\" > /dev/null\nif [ $? != 0 ] ; then\n    # print error to STDERR\n    echo \"error: The sandbox is not in sync with the Podfile.lock. Run 'pod install' or update your CocoaPods installation.\" >&2\n    exit 1\nfi\n# This output is used by Xcode 'outputs' to avoid re-running this script phase.\necho \"SUCCESS\" > \"${SCRIPT_OUTPUT_FILE_0}\"\n";
			showEnvVarsInLog = 0;
		};
		D29CDD1A621E56E039252D74 /* [CP] Check Pods Manifest.lock */ = {
			isa = PBXShellScriptBuildPhase;
			buildActionMask = 2147483647;
			files = (
			);
			inputFileListPaths = (
			);
			inputPaths = (
				"${PODS_PODFILE_DIR_PATH}/Podfile.lock",
				"${PODS_ROOT}/Manifest.lock",
			);
			name = "[CP] Check Pods Manifest.lock";
			outputFileListPaths = (
			);
			outputPaths = (
				"$(DERIVED_FILE_DIR)/Pods-DigitalSpace-checkManifestLockResult.txt",
			);
			runOnlyForDeploymentPostprocessing = 0;
			shellPath = /bin/sh;
			shellScript = "diff \"${PODS_PODFILE_DIR_PATH}/Podfile.lock\" \"${PODS_ROOT}/Manifest.lock\" > /dev/null\nif [ $? != 0 ] ; then\n    # print error to STDERR\n    echo \"error: The sandbox is not in sync with the Podfile.lock. Run 'pod install' or update your CocoaPods installation.\" >&2\n    exit 1\nfi\n# This output is used by Xcode 'outputs' to avoid re-running this script phase.\necho \"SUCCESS\" > \"${SCRIPT_OUTPUT_FILE_0}\"\n";
			showEnvVarsInLog = 0;
		};
/* End PBXShellScriptBuildPhase section */

/* Begin PBXSourcesBuildPhase section */
		795DD1F9231A03C100A2BEA3 /* Sources */ = {
			isa = PBXSourcesBuildPhase;
			buildActionMask = 2147483647;
			files = (
				7936CAD5231C3B6E00FD6FDF /* MenuFooterView.swift in Sources */,
				795DD203231A03C100A2BEA3 /* HomeController.swift in Sources */,
				7920805A231E78FC008248B7 /* StretchyHeaderLayout.swift in Sources */,
				796ED99D231BB8C800E4BA26 /* MenuOptionCell.swift in Sources */,
				797AFB29231D23C500384EAC /* CoreStack.swift in Sources */,
				7936CAD2231BDD2E00FD6FDF /* FavoritesController.swift in Sources */,
				795DD23A231A0DDA00A2BEA3 /* Item.swift in Sources */,
				795DD23D231A100D00A2BEA3 /* CategoryViewModel.swift in Sources */,
				796ED9A0231BB90200E4BA26 /* MenuOption.swift in Sources */,
				795DD236231A099600A2BEA3 /* Service.swift in Sources */,
				795DD258231AE3BA00A2BEA3 /* InternalHeaderView.swift in Sources */,
				797AFB2F231D23E800384EAC /* NSManajedObject+Extension.swift in Sources */,
				797AFB2D231D23DB00384EAC /* ConfigurableDao.swift in Sources */,
				79208057231E7584008248B7 /* FavoritesViewModel.swift in Sources */,
				797AFB32231D245900384EAC /* FavoriteItem.xcdatamodeld in Sources */,
				79208054231E74F8008248B7 /* FavoriteRepository.swift in Sources */,
				795DD25A231AEB8000A2BEA3 /* InternalViewCell.swift in Sources */,
				795DD24A231AB2E400A2BEA3 /* ItemsController.swift in Sources */,
				797AFB3F231D254900384EAC /* FavoriteItem+Extension.swift in Sources */,
				795DD22C231A084D00A2BEA3 /* ConfigurableView.swift in Sources */,
				795DD23F231A113200A2BEA3 /* Repository.swift in Sources */,
				796ED9A2231BBAE900E4BA26 /* ContainerController.swift in Sources */,
				7936CAD7231C4FE400FD6FDF /* HorizontalSnappingController.swift in Sources */,
				795DD24C231AB70900A2BEA3 /* ItemViewCell.swift in Sources */,
				790D8232231C9D530083174A /* FavoritesViewCell.swift in Sources */,
				797AFB41231D26C300384EAC /* ItemFavoriteController.swift in Sources */,
				795DD247231AB29900A2BEA3 /* BaseCollectionController.swift in Sources */,
				797AFB2B231D23D100384EAC /* CoreDao.swift in Sources */,
				795DD243231AAAB600A2BEA3 /* CategoryViewCell.swift in Sources */,
				797AFB43231D27A800384EAC /* FavoriteItemViewCell.swift in Sources */,
				795DD250231ACB2800A2BEA3 /* MenuController.swift in Sources */,
				795DD245231AAB6900A2BEA3 /* CategoryHeaderView.swift in Sources */,
				795DD201231A03C100A2BEA3 /* AppDelegate.swift in Sources */,
				795DD232231A08BD00A2BEA3 /* CBuilder.swift in Sources */,
				795DD241231A160100A2BEA3 /* Home+TableViewController.swift in Sources */,
				795DD234231A08C900A2BEA3 /* LayoutAnchor.swift in Sources */,
				797AFB3D231D253C00384EAC /* FavoriteItem.swift in Sources */,
				795DD226231A050400A2BEA3 /* Constructor.swift in Sources */,
				795DD238231A0C1200A2BEA3 /* Category.swift in Sources */,
				795DD256231ADBEF00A2BEA3 /* InternalController.swift in Sources */,
			);
			runOnlyForDeploymentPostprocessing = 0;
		};
		795DD20D231A03C300A2BEA3 /* Sources */ = {
			isa = PBXSourcesBuildPhase;
			buildActionMask = 2147483647;
			files = (
				795DD216231A03C300A2BEA3 /* DigitalSpaceTests.swift in Sources */,
			);
			runOnlyForDeploymentPostprocessing = 0;
		};
/* End PBXSourcesBuildPhase section */

/* Begin PBXTargetDependency section */
		795DD213231A03C300A2BEA3 /* PBXTargetDependency */ = {
			isa = PBXTargetDependency;
			target = 795DD1FC231A03C100A2BEA3 /* DigitalSpace */;
			targetProxy = 795DD212231A03C300A2BEA3 /* PBXContainerItemProxy */;
		};
/* End PBXTargetDependency section */

/* Begin PBXVariantGroup section */
		795DD209231A03C300A2BEA3 /* LaunchScreen.storyboard */ = {
			isa = PBXVariantGroup;
			children = (
				795DD20A231A03C300A2BEA3 /* Base */,
			);
			name = LaunchScreen.storyboard;
			sourceTree = "<group>";
		};
/* End PBXVariantGroup section */

/* Begin XCBuildConfiguration section */
		795DD218231A03C300A2BEA3 /* Debug */ = {
			isa = XCBuildConfiguration;
			buildSettings = {
				ALWAYS_SEARCH_USER_PATHS = NO;
				CLANG_ANALYZER_NONNULL = YES;
				CLANG_ANALYZER_NUMBER_OBJECT_CONVERSION = YES_AGGRESSIVE;
				CLANG_CXX_LANGUAGE_STANDARD = "gnu++14";
				CLANG_CXX_LIBRARY = "libc++";
				CLANG_ENABLE_MODULES = YES;
				CLANG_ENABLE_OBJC_ARC = YES;
				CLANG_ENABLE_OBJC_WEAK = YES;
				CLANG_WARN_BLOCK_CAPTURE_AUTORELEASING = YES;
				CLANG_WARN_BOOL_CONVERSION = YES;
				CLANG_WARN_COMMA = YES;
				CLANG_WARN_CONSTANT_CONVERSION = YES;
				CLANG_WARN_DEPRECATED_OBJC_IMPLEMENTATIONS = YES;
				CLANG_WARN_DIRECT_OBJC_ISA_USAGE = YES_ERROR;
				CLANG_WARN_DOCUMENTATION_COMMENTS = YES;
				CLANG_WARN_EMPTY_BODY = YES;
				CLANG_WARN_ENUM_CONVERSION = YES;
				CLANG_WARN_INFINITE_RECURSION = YES;
				CLANG_WARN_INT_CONVERSION = YES;
				CLANG_WARN_NON_LITERAL_NULL_CONVERSION = YES;
				CLANG_WARN_OBJC_IMPLICIT_RETAIN_SELF = YES;
				CLANG_WARN_OBJC_LITERAL_CONVERSION = YES;
				CLANG_WARN_OBJC_ROOT_CLASS = YES_ERROR;
				CLANG_WARN_RANGE_LOOP_ANALYSIS = YES;
				CLANG_WARN_STRICT_PROTOTYPES = YES;
				CLANG_WARN_SUSPICIOUS_MOVE = YES;
				CLANG_WARN_UNGUARDED_AVAILABILITY = YES_AGGRESSIVE;
				CLANG_WARN_UNREACHABLE_CODE = YES;
				CLANG_WARN__DUPLICATE_METHOD_MATCH = YES;
				CODE_SIGN_IDENTITY = "iPhone Developer";
				COPY_PHASE_STRIP = NO;
				DEBUG_INFORMATION_FORMAT = dwarf;
				ENABLE_STRICT_OBJC_MSGSEND = YES;
				ENABLE_TESTABILITY = YES;
				GCC_C_LANGUAGE_STANDARD = gnu11;
				GCC_DYNAMIC_NO_PIC = NO;
				GCC_NO_COMMON_BLOCKS = YES;
				GCC_OPTIMIZATION_LEVEL = 0;
				GCC_PREPROCESSOR_DEFINITIONS = (
					"DEBUG=1",
					"$(inherited)",
				);
				GCC_WARN_64_TO_32_BIT_CONVERSION = YES;
				GCC_WARN_ABOUT_RETURN_TYPE = YES_ERROR;
				GCC_WARN_UNDECLARED_SELECTOR = YES;
				GCC_WARN_UNINITIALIZED_AUTOS = YES_AGGRESSIVE;
				GCC_WARN_UNUSED_FUNCTION = YES;
				GCC_WARN_UNUSED_VARIABLE = YES;
				IPHONEOS_DEPLOYMENT_TARGET = 12.4;
				MTL_ENABLE_DEBUG_INFO = INCLUDE_SOURCE;
				MTL_FAST_MATH = YES;
				ONLY_ACTIVE_ARCH = YES;
				SDKROOT = iphoneos;
				SWIFT_ACTIVE_COMPILATION_CONDITIONS = DEBUG;
				SWIFT_OPTIMIZATION_LEVEL = "-Onone";
			};
			name = Debug;
		};
		795DD219231A03C300A2BEA3 /* Release */ = {
			isa = XCBuildConfiguration;
			buildSettings = {
				ALWAYS_SEARCH_USER_PATHS = NO;
				CLANG_ANALYZER_NONNULL = YES;
				CLANG_ANALYZER_NUMBER_OBJECT_CONVERSION = YES_AGGRESSIVE;
				CLANG_CXX_LANGUAGE_STANDARD = "gnu++14";
				CLANG_CXX_LIBRARY = "libc++";
				CLANG_ENABLE_MODULES = YES;
				CLANG_ENABLE_OBJC_ARC = YES;
				CLANG_ENABLE_OBJC_WEAK = YES;
				CLANG_WARN_BLOCK_CAPTURE_AUTORELEASING = YES;
				CLANG_WARN_BOOL_CONVERSION = YES;
				CLANG_WARN_COMMA = YES;
				CLANG_WARN_CONSTANT_CONVERSION = YES;
				CLANG_WARN_DEPRECATED_OBJC_IMPLEMENTATIONS = YES;
				CLANG_WARN_DIRECT_OBJC_ISA_USAGE = YES_ERROR;
				CLANG_WARN_DOCUMENTATION_COMMENTS = YES;
				CLANG_WARN_EMPTY_BODY = YES;
				CLANG_WARN_ENUM_CONVERSION = YES;
				CLANG_WARN_INFINITE_RECURSION = YES;
				CLANG_WARN_INT_CONVERSION = YES;
				CLANG_WARN_NON_LITERAL_NULL_CONVERSION = YES;
				CLANG_WARN_OBJC_IMPLICIT_RETAIN_SELF = YES;
				CLANG_WARN_OBJC_LITERAL_CONVERSION = YES;
				CLANG_WARN_OBJC_ROOT_CLASS = YES_ERROR;
				CLANG_WARN_RANGE_LOOP_ANALYSIS = YES;
				CLANG_WARN_STRICT_PROTOTYPES = YES;
				CLANG_WARN_SUSPICIOUS_MOVE = YES;
				CLANG_WARN_UNGUARDED_AVAILABILITY = YES_AGGRESSIVE;
				CLANG_WARN_UNREACHABLE_CODE = YES;
				CLANG_WARN__DUPLICATE_METHOD_MATCH = YES;
				CODE_SIGN_IDENTITY = "iPhone Developer";
				COPY_PHASE_STRIP = NO;
				DEBUG_INFORMATION_FORMAT = "dwarf-with-dsym";
				ENABLE_NS_ASSERTIONS = NO;
				ENABLE_STRICT_OBJC_MSGSEND = YES;
				GCC_C_LANGUAGE_STANDARD = gnu11;
				GCC_NO_COMMON_BLOCKS = YES;
				GCC_WARN_64_TO_32_BIT_CONVERSION = YES;
				GCC_WARN_ABOUT_RETURN_TYPE = YES_ERROR;
				GCC_WARN_UNDECLARED_SELECTOR = YES;
				GCC_WARN_UNINITIALIZED_AUTOS = YES_AGGRESSIVE;
				GCC_WARN_UNUSED_FUNCTION = YES;
				GCC_WARN_UNUSED_VARIABLE = YES;
				IPHONEOS_DEPLOYMENT_TARGET = 12.4;
				MTL_ENABLE_DEBUG_INFO = NO;
				MTL_FAST_MATH = YES;
				SDKROOT = iphoneos;
				SWIFT_COMPILATION_MODE = wholemodule;
				SWIFT_OPTIMIZATION_LEVEL = "-O";
				VALIDATE_PRODUCT = YES;
			};
			name = Release;
		};
		795DD21B231A03C300A2BEA3 /* Debug */ = {
			isa = XCBuildConfiguration;
			baseConfigurationReference = F30EA6FD88CDF5F5C51E0638 /* Pods-DigitalSpace.debug.xcconfig */;
			buildSettings = {
				ASSETCATALOG_COMPILER_APPICON_NAME = AppIcon;
				CODE_SIGN_STYLE = Automatic;
				DEVELOPMENT_TEAM = F6FYGZ29HL;
				INFOPLIST_FILE = DigitalSpace/Info.plist;
				LD_RUNPATH_SEARCH_PATHS = (
					"$(inherited)",
					"@executable_path/Frameworks",
				);
				PRODUCT_BUNDLE_IDENTIFIER = com.academy.DigitalSpace;
				PRODUCT_NAME = "$(TARGET_NAME)";
				SWIFT_VERSION = 5.0;
				TARGETED_DEVICE_FAMILY = "1,2";
			};
			name = Debug;
		};
		795DD21C231A03C300A2BEA3 /* Release */ = {
			isa = XCBuildConfiguration;
			baseConfigurationReference = 100265F018268F3830DD92E1 /* Pods-DigitalSpace.release.xcconfig */;
			buildSettings = {
				ASSETCATALOG_COMPILER_APPICON_NAME = AppIcon;
				CODE_SIGN_STYLE = Automatic;
				DEVELOPMENT_TEAM = F6FYGZ29HL;
				INFOPLIST_FILE = DigitalSpace/Info.plist;
				LD_RUNPATH_SEARCH_PATHS = (
					"$(inherited)",
					"@executable_path/Frameworks",
				);
				PRODUCT_BUNDLE_IDENTIFIER = com.academy.DigitalSpace;
				PRODUCT_NAME = "$(TARGET_NAME)";
				SWIFT_VERSION = 5.0;
				TARGETED_DEVICE_FAMILY = "1,2";
			};
			name = Release;
		};
		795DD21E231A03C300A2BEA3 /* Debug */ = {
			isa = XCBuildConfiguration;
			baseConfigurationReference = 75DC0BBCA9B49BC8A8D80ECA /* Pods-DigitalSpaceTests.debug.xcconfig */;
			buildSettings = {
				ALWAYS_EMBED_SWIFT_STANDARD_LIBRARIES = YES;
				BUNDLE_LOADER = "$(TEST_HOST)";
				CODE_SIGN_STYLE = Automatic;
				DEVELOPMENT_TEAM = F6FYGZ29HL;
				INFOPLIST_FILE = DigitalSpaceTests/Info.plist;
				LD_RUNPATH_SEARCH_PATHS = (
					"$(inherited)",
					"@executable_path/Frameworks",
					"@loader_path/Frameworks",
				);
				PRODUCT_BUNDLE_IDENTIFIER = com.academy.DigitalSpaceTests;
				PRODUCT_NAME = "$(TARGET_NAME)";
				SWIFT_VERSION = 5.0;
				TARGETED_DEVICE_FAMILY = "1,2";
				TEST_HOST = "$(BUILT_PRODUCTS_DIR)/DigitalSpace.app/DigitalSpace";
			};
			name = Debug;
		};
		795DD21F231A03C300A2BEA3 /* Release */ = {
			isa = XCBuildConfiguration;
			baseConfigurationReference = B461ABBA26744EF2B0C08042 /* Pods-DigitalSpaceTests.release.xcconfig */;
			buildSettings = {
				ALWAYS_EMBED_SWIFT_STANDARD_LIBRARIES = YES;
				BUNDLE_LOADER = "$(TEST_HOST)";
				CODE_SIGN_STYLE = Automatic;
				DEVELOPMENT_TEAM = F6FYGZ29HL;
				INFOPLIST_FILE = DigitalSpaceTests/Info.plist;
				LD_RUNPATH_SEARCH_PATHS = (
					"$(inherited)",
					"@executable_path/Frameworks",
					"@loader_path/Frameworks",
				);
				PRODUCT_BUNDLE_IDENTIFIER = com.academy.DigitalSpaceTests;
				PRODUCT_NAME = "$(TARGET_NAME)";
				SWIFT_VERSION = 5.0;
				TARGETED_DEVICE_FAMILY = "1,2";
				TEST_HOST = "$(BUILT_PRODUCTS_DIR)/DigitalSpace.app/DigitalSpace";
			};
			name = Release;
		};
/* End XCBuildConfiguration section */

/* Begin XCConfigurationList section */
		795DD1F8231A03C100A2BEA3 /* Build configuration list for PBXProject "DigitalSpace" */ = {
			isa = XCConfigurationList;
			buildConfigurations = (
				795DD218231A03C300A2BEA3 /* Debug */,
				795DD219231A03C300A2BEA3 /* Release */,
			);
			defaultConfigurationIsVisible = 0;
			defaultConfigurationName = Release;
		};
		795DD21A231A03C300A2BEA3 /* Build configuration list for PBXNativeTarget "DigitalSpace" */ = {
			isa = XCConfigurationList;
			buildConfigurations = (
				795DD21B231A03C300A2BEA3 /* Debug */,
				795DD21C231A03C300A2BEA3 /* Release */,
			);
			defaultConfigurationIsVisible = 0;
			defaultConfigurationName = Release;
		};
		795DD21D231A03C300A2BEA3 /* Build configuration list for PBXNativeTarget "DigitalSpaceTests" */ = {
			isa = XCConfigurationList;
			buildConfigurations = (
				795DD21E231A03C300A2BEA3 /* Debug */,
				795DD21F231A03C300A2BEA3 /* Release */,
			);
			defaultConfigurationIsVisible = 0;
			defaultConfigurationName = Release;
		};
/* End XCConfigurationList section */

/* Begin XCVersionGroup section */
		797AFB30231D245900384EAC /* FavoriteItem.xcdatamodeld */ = {
			isa = XCVersionGroup;
			children = (
				797AFB31231D245900384EAC /* FavoriteItem.xcdatamodel */,
			);
			currentVersion = 797AFB31231D245900384EAC /* FavoriteItem.xcdatamodel */;
			path = FavoriteItem.xcdatamodeld;
			sourceTree = "<group>";
			versionGroupType = wrapper.xcdatamodel;
		};
/* End XCVersionGroup section */
	};
	rootObject = 795DD1F5231A03C100A2BEA3 /* Project object */;
}
